
Microsoft Visual Studio Solution File, Format Version 12.00
# Visual Studio Version 16
VisualStudioVersion = 16.0.28803.156
MinimumVisualStudioVersion = 10.0.40219.1
Project("{FAE04EC0-301F-11D3-BF4B-00C04F79EFBC}") = "FlotTravail", "FlotTravail\FlotTravail.csproj", "{582C8520-EAAD-4604-AAA3-470E0863095E}"
EndProject
Project("{FAE04EC0-301F-11D3-BF4B-00C04F79EFBC}") = "FlotTravailTest", "FlotTravailTest\FlotTravailTest.csproj", "{6873D022-BDA7-4E84-9643-26C600C42B73}"
EndProject
Global
	GlobalSection(SolutionConfigurationPlatforms) = preSolution
		Debug|Any CPU = Debug|Any CPU
		Release|Any CPU = Release|Any CPU
	EndGlobalSection
	GlobalSection(ProjectConfigurationPlatforms) = postSolution
		{582C8520-EAAD-4604-AAA3-470E0863095E}.Debug|Any CPU.ActiveCfg = Debug|Any CPU
		{582C8520-EAAD-4604-AAA3-470E0863095E}.Debug|Any CPU.Build.0 = Debug|Any CPU
		{582C8520-EAAD-4604-AAA3-470E0863095E}.Release|Any CPU.ActiveCfg = Release|Any CPU
		{582C8520-EAAD-4604-AAA3-470E0863095E}.Release|Any CPU.Build.0 = Release|Any CPU
		{6873D022-BDA7-4E84-9643-26C600C42B73}.Debug|Any CPU.ActiveCfg = Debug|Any CPU
		{6873D022-BDA7-4E84-9643-26C600C42B73}.Debug|Any CPU.Build.0 = Debug|Any CPU
		{6873D022-BDA7-4E84-9643-26C600C42B73}.Release|Any CPU.ActiveCfg = Release|Any CPU
		{6873D022-BDA7-4E84-9643-26C600C42B73}.Release|Any CPU.Build.0 = Release|Any CPU
	EndGlobalSection
	GlobalSection(SolutionProperties) = preSolution
		HideSolutionNode = FALSE
	EndGlobalSection
	GlobalSection(ExtensibilityGlobals) = postSolution
		SolutionGuid = {764D76C0-F7CF-4996-B823-2D532DB25A3C}
	EndGlobalSection
EndGlobal
